
Microsoft Visual Studio Solution File, Format Version 12.00
# Visual Studio Version 17
VisualStudioVersion = 17.4.33213.308
MinimumVisualStudioVersion = 10.0.40219.1
Project("{FAE04EC0-301F-11D3-BF4B-00C04F79EFBC}") = "NZWalks.API", "NZWalks.API\NZWalks.API.csproj", "{E616BB66-6819-42E8-AF23-06A1BAE27413}"
EndProject
Global
	GlobalSection(SolutionConfigurationPlatforms) = preSolution
		Debug|Any CPU = Debug|Any CPU
		Release|Any CPU = Release|Any CPU
	EndGlobalSection
	GlobalSection(ProjectConfigurationPlatforms) = postSolution
		{E616BB66-6819-42E8-AF23-06A1BAE27413}.Debug|Any CPU.ActiveCfg = Debug|Any CPU
		{E616BB66-6819-42E8-AF23-06A1BAE27413}.Debug|Any CPU.Build.0 = Debug|Any CPU
		{E616BB66-6819-42E8-AF23-06A1BAE27413}.Release|Any CPU.ActiveCfg = Release|Any CPU
		{E616BB66-6819-42E8-AF23-06A1BAE27413}.Release|Any CPU.Build.0 = Release|Any CPU
	EndGlobalSection
	GlobalSection(SolutionProperties) = preSolution
		HideSolutionNode = FALSE
	EndGlobalSection
	GlobalSection(ExtensibilityGlobals) = postSolution
		SolutionGuid = {C2464D41-EE96-45C7-A25C-F1AF46588CEC}
	EndGlobalSection
EndGlobal
